// !$*UTF8*$!
{
	archiveVersion = 1;
	classes = {
	};
	objectVersion = 55;
	objects = {

/* Begin PBXBuildFile section */
		235F4ABF27F75FBE00CBF5CE /* AppDelegate.swift in Sources */ = {isa = PBXBuildFile; fileRef = 235F4ABE27F75FBE00CBF5CE /* AppDelegate.swift */; };
		235F4AC127F75FBE00CBF5CE /* SceneDelegate.swift in Sources */ = {isa = PBXBuildFile; fileRef = 235F4AC027F75FBE00CBF5CE /* SceneDelegate.swift */; };
		235F4AC327F75FBE00CBF5CE /* ViewController.swift in Sources */ = {isa = PBXBuildFile; fileRef = 235F4AC227F75FBE00CBF5CE /* ViewController.swift */; };
		235F4AC627F75FBE00CBF5CE /* Main.storyboard in Resources */ = {isa = PBXBuildFile; fileRef = 235F4AC427F75FBE00CBF5CE /* Main.storyboard */; };
		235F4AC927F75FBE00CBF5CE /* BeerApp.xcdatamodeld in Sources */ = {isa = PBXBuildFile; fileRef = 235F4AC727F75FBE00CBF5CE /* BeerApp.xcdatamodeld */; };
		235F4ACB27F75FC000CBF5CE /* Assets.xcassets in Resources */ = {isa = PBXBuildFile; fileRef = 235F4ACA27F75FC000CBF5CE /* Assets.xcassets */; };
		235F4ACE27F75FC000CBF5CE /* LaunchScreen.storyboard in Resources */ = {isa = PBXBuildFile; fileRef = 235F4ACC27F75FC000CBF5CE /* LaunchScreen.storyboard */; };
		235F4AD927F75FC000CBF5CE /* BeerAppTests.swift in Sources */ = {isa = PBXBuildFile; fileRef = 235F4AD827F75FC000CBF5CE /* BeerAppTests.swift */; };
		235F4AE327F75FC000CBF5CE /* BeerAppUITests.swift in Sources */ = {isa = PBXBuildFile; fileRef = 235F4AE227F75FC000CBF5CE /* BeerAppUITests.swift */; };
		235F4AE527F75FC000CBF5CE /* BeerAppUITestsLaunchTests.swift in Sources */ = {isa = PBXBuildFile; fileRef = 235F4AE427F75FC000CBF5CE /* BeerAppUITestsLaunchTests.swift */; };
		235F4AF227F7646400CBF5CE /* OffersView.swift in Sources */ = {isa = PBXBuildFile; fileRef = 235F4AF127F7646400CBF5CE /* OffersView.swift */; };
		235F4AF427F795FD00CBF5CE /* BeerModel.swift in Sources */ = {isa = PBXBuildFile; fileRef = 235F4AF327F795FD00CBF5CE /* BeerModel.swift */; };
		235F4AF627F79D3C00CBF5CE /* BeerTableViewCell.swift in Sources */ = {isa = PBXBuildFile; fileRef = 235F4AF527F79D3C00CBF5CE /* BeerTableViewCell.swift */; };
		235F4AF827F8C53C00CBF5CE /* DetailBeerViewController.swift in Sources */ = {isa = PBXBuildFile; fileRef = 235F4AF727F8C53C00CBF5CE /* DetailBeerViewController.swift */; };
		235F4AFA27F8F5D800CBF5CE /* DetailViewSlider.swift in Sources */ = {isa = PBXBuildFile; fileRef = 235F4AF927F8F5D800CBF5CE /* DetailViewSlider.swift */; };
/* End PBXBuildFile section */

/* Begin PBXContainerItemProxy section */
		235F4AD527F75FC000CBF5CE /* PBXContainerItemProxy */ = {
			isa = PBXContainerItemProxy;
			containerPortal = 235F4AB327F75FBE00CBF5CE /* Project object */;
			proxyType = 1;
			remoteGlobalIDString = 235F4ABA27F75FBE00CBF5CE;
			remoteInfo = BeerApp;
		};
		235F4ADF27F75FC000CBF5CE /* PBXContainerItemProxy */ = {
			isa = PBXContainerItemProxy;
			containerPortal = 235F4AB327F75FBE00CBF5CE /* Project object */;
			proxyType = 1;
			remoteGlobalIDString = 235F4ABA27F75FBE00CBF5CE;
			remoteInfo = BeerApp;
		};
/* End PBXContainerItemProxy section */

/* Begin PBXFileReference section */
		235F4ABB27F75FBE00CBF5CE /* BeerApp.app */ = {isa = PBXFileReference; explicitFileType = wrapper.application; includeInIndex = 0; path = BeerApp.app; sourceTree = BUILT_PRODUCTS_DIR; };
		235F4ABE27F75FBE00CBF5CE /* AppDelegate.swift */ = {isa = PBXFileReference; lastKnownFileType = sourcecode.swift; path = AppDelegate.swift; sourceTree = "<group>"; };
		235F4AC027F75FBE00CBF5CE /* SceneDelegate.swift */ = {isa = PBXFileReference; lastKnownFileType = sourcecode.swift; path = SceneDelegate.swift; sourceTree = "<group>"; };
		235F4AC227F75FBE00CBF5CE /* ViewController.swift */ = {isa = PBXFileReference; lastKnownFileType = sourcecode.swift; path = ViewController.swift; sourceTree = "<group>"; };
		235F4AC527F75FBE00CBF5CE /* Base */ = {isa = PBXFileReference; lastKnownFileType = file.storyboard; name = Base; path = Base.lproj/Main.storyboard; sourceTree = "<group>"; };
		235F4AC827F75FBE00CBF5CE /* BeerApp.xcdatamodel */ = {isa = PBXFileReference; lastKnownFileType = wrapper.xcdatamodel; path = BeerApp.xcdatamodel; sourceTree = "<group>"; };
		235F4ACA27F75FC000CBF5CE /* Assets.xcassets */ = {isa = PBXFileReference; lastKnownFileType = folder.assetcatalog; path = Assets.xcassets; sourceTree = "<group>"; };
		235F4ACD27F75FC000CBF5CE /* Base */ = {isa = PBXFileReference; lastKnownFileType = file.storyboard; name = Base; path = Base.lproj/LaunchScreen.storyboard; sourceTree = "<group>"; };
		235F4ACF27F75FC000CBF5CE /* Info.plist */ = {isa = PBXFileReference; lastKnownFileType = text.plist.xml; path = Info.plist; sourceTree = "<group>"; };
		235F4AD427F75FC000CBF5CE /* BeerAppTests.xctest */ = {isa = PBXFileReference; explicitFileType = wrapper.cfbundle; includeInIndex = 0; path = BeerAppTests.xctest; sourceTree = BUILT_PRODUCTS_DIR; };
		235F4AD827F75FC000CBF5CE /* BeerAppTests.swift */ = {isa = PBXFileReference; lastKnownFileType = sourcecode.swift; path = BeerAppTests.swift; sourceTree = "<group>"; };
		235F4ADE27F75FC000CBF5CE /* BeerAppUITests.xctest */ = {isa = PBXFileReference; explicitFileType = wrapper.cfbundle; includeInIndex = 0; path = BeerAppUITests.xctest; sourceTree = BUILT_PRODUCTS_DIR; };
		235F4AE227F75FC000CBF5CE /* BeerAppUITests.swift */ = {isa = PBXFileReference; lastKnownFileType = sourcecode.swift; path = BeerAppUITests.swift; sourceTree = "<group>"; };
		235F4AE427F75FC000CBF5CE /* BeerAppUITestsLaunchTests.swift */ = {isa = PBXFileReference; lastKnownFileType = sourcecode.swift; path = BeerAppUITestsLaunchTests.swift; sourceTree = "<group>"; };
		235F4AF127F7646400CBF5CE /* OffersView.swift */ = {isa = PBXFileReference; lastKnownFileType = sourcecode.swift; path = OffersView.swift; sourceTree = "<group>"; };
		235F4AF327F795FD00CBF5CE /* BeerModel.swift */ = {isa = PBXFileReference; lastKnownFileType = sourcecode.swift; path = BeerModel.swift; sourceTree = "<group>"; };
		235F4AF527F79D3C00CBF5CE /* BeerTableViewCell.swift */ = {isa = PBXFileReference; lastKnownFileType = sourcecode.swift; path = BeerTableViewCell.swift; sourceTree = "<group>"; };
		235F4AF727F8C53C00CBF5CE /* DetailBeerViewController.swift */ = {isa = PBXFileReference; lastKnownFileType = sourcecode.swift; path = DetailBeerViewController.swift; sourceTree = "<group>"; };
		235F4AF927F8F5D800CBF5CE /* DetailViewSlider.swift */ = {isa = PBXFileReference; lastKnownFileType = sourcecode.swift; path = DetailViewSlider.swift; sourceTree = "<group>"; };
/* End PBXFileReference section */

/* Begin PBXFrameworksBuildPhase section */
		235F4AB827F75FBE00CBF5CE /* Frameworks */ = {
			isa = PBXFrameworksBuildPhase;
			buildActionMask = 2147483647;
			files = (
			);
			runOnlyForDeploymentPostprocessing = 0;
		};
		235F4AD127F75FC000CBF5CE /* Frameworks */ = {
			isa = PBXFrameworksBuildPhase;
			buildActionMask = 2147483647;
			files = (
			);
			runOnlyForDeploymentPostprocessing = 0;
		};
		235F4ADB27F75FC000CBF5CE /* Frameworks */ = {
			isa = PBXFrameworksBuildPhase;
			buildActionMask = 2147483647;
			files = (
			);
			runOnlyForDeploymentPostprocessing = 0;
		};
/* End PBXFrameworksBuildPhase section */

/* Begin PBXGroup section */
		235F4AB227F75FBE00CBF5CE = {
			isa = PBXGroup;
			children = (
				235F4ABD27F75FBE00CBF5CE /* BeerApp */,
				235F4AD727F75FC000CBF5CE /* BeerAppTests */,
				235F4AE127F75FC000CBF5CE /* BeerAppUITests */,
				235F4ABC27F75FBE00CBF5CE /* Products */,
			);
			sourceTree = "<group>";
		};
		235F4ABC27F75FBE00CBF5CE /* Products */ = {
			isa = PBXGroup;
			children = (
				235F4ABB27F75FBE00CBF5CE /* BeerApp.app */,
				235F4AD427F75FC000CBF5CE /* BeerAppTests.xctest */,
				235F4ADE27F75FC000CBF5CE /* BeerAppUITests.xctest */,
			);
			name = Products;
			sourceTree = "<group>";
		};
		235F4ABD27F75FBE00CBF5CE /* BeerApp */ = {
			isa = PBXGroup;
			children = (
				235F4ABE27F75FBE00CBF5CE /* AppDelegate.swift */,
				235F4AC027F75FBE00CBF5CE /* SceneDelegate.swift */,
				235F4AFB27F900B900CBF5CE /* Controllers */,
				235F4AFC27F900DC00CBF5CE /* Views */,
				235F4AFD27F900F700CBF5CE /* Model */,
				235F4AC427F75FBE00CBF5CE /* Main.storyboard */,
				235F4ACA27F75FC000CBF5CE /* Assets.xcassets */,
				235F4ACC27F75FC000CBF5CE /* LaunchScreen.storyboard */,
				235F4ACF27F75FC000CBF5CE /* Info.plist */,
				235F4AC727F75FBE00CBF5CE /* BeerApp.xcdatamodeld */,
			);
			path = BeerApp;
			sourceTree = "<group>";
		};
		235F4AD727F75FC000CBF5CE /* BeerAppTests */ = {
			isa = PBXGroup;
			children = (
				235F4AD827F75FC000CBF5CE /* BeerAppTests.swift */,
			);
			path = BeerAppTests;
			sourceTree = "<group>";
		};
		235F4AE127F75FC000CBF5CE /* BeerAppUITests */ = {
			isa = PBXGroup;
			children = (
				235F4AE227F75FC000CBF5CE /* BeerAppUITests.swift */,
				235F4AE427F75FC000CBF5CE /* BeerAppUITestsLaunchTests.swift */,
			);
			path = BeerAppUITests;
			sourceTree = "<group>";
		};
		235F4AFB27F900B900CBF5CE /* Controllers */ = {
			isa = PBXGroup;
			children = (
				235F4AC227F75FBE00CBF5CE /* ViewController.swift */,
				235F4AF727F8C53C00CBF5CE /* DetailBeerViewController.swift */,
			);
			path = Controllers;
			sourceTree = "<group>";
		};
		235F4AFC27F900DC00CBF5CE /* Views */ = {
			isa = PBXGroup;
			children = (
				235F4AF527F79D3C00CBF5CE /* BeerTableViewCell.swift */,
				235F4AF927F8F5D800CBF5CE /* DetailViewSlider.swift */,
				235F4AF127F7646400CBF5CE /* OffersView.swift */,
			);
			path = Views;
			sourceTree = "<group>";
		};
		235F4AFD27F900F700CBF5CE /* Model */ = {
			isa = PBXGroup;
			children = (
				235F4AF327F795FD00CBF5CE /* BeerModel.swift */,
			);
			path = Model;
			sourceTree = "<group>";
		};
/* End PBXGroup section */

/* Begin PBXNativeTarget section */
		235F4ABA27F75FBE00CBF5CE /* BeerApp */ = {
			isa = PBXNativeTarget;
			buildConfigurationList = 235F4AE827F75FC000CBF5CE /* Build configuration list for PBXNativeTarget "BeerApp" */;
			buildPhases = (
				235F4AB727F75FBE00CBF5CE /* Sources */,
				235F4AB827F75FBE00CBF5CE /* Frameworks */,
				235F4AB927F75FBE00CBF5CE /* Resources */,
			);
			buildRules = (
			);
			dependencies = (
			);
			name = BeerApp;
			productName = BeerApp;
			productReference = 235F4ABB27F75FBE00CBF5CE /* BeerApp.app */;
			productType = "com.apple.product-type.application";
		};
		235F4AD327F75FC000CBF5CE /* BeerAppTests */ = {
			isa = PBXNativeTarget;
			buildConfigurationList = 235F4AEB27F75FC000CBF5CE /* Build configuration list for PBXNativeTarget "BeerAppTests" */;
			buildPhases = (
				235F4AD027F75FC000CBF5CE /* Sources */,
				235F4AD127F75FC000CBF5CE /* Frameworks */,
				235F4AD227F75FC000CBF5CE /* Resources */,
			);
			buildRules = (
			);
			dependencies = (
				235F4AD627F75FC000CBF5CE /* PBXTargetDependency */,
			);
			name = BeerAppTests;
			productName = BeerAppTests;
			productReference = 235F4AD427F75FC000CBF5CE /* BeerAppTests.xctest */;
			productType = "com.apple.product-type.bundle.unit-test";
		};
		235F4ADD27F75FC000CBF5CE /* BeerAppUITests */ = {
			isa = PBXNativeTarget;
			buildConfigurationList = 235F4AEE27F75FC000CBF5CE /* Build configuration list for PBXNativeTarget "BeerAppUITests" */;
			buildPhases = (
				235F4ADA27F75FC000CBF5CE /* Sources */,
				235F4ADB27F75FC000CBF5CE /* Frameworks */,
				235F4ADC27F75FC000CBF5CE /* Resources */,
			);
			buildRules = (
			);
			dependencies = (
				235F4AE027F75FC000CBF5CE /* PBXTargetDependency */,
			);
			name = BeerAppUITests;
			productName = BeerAppUITests;
			productReference = 235F4ADE27F75FC000CBF5CE /* BeerAppUITests.xctest */;
			productType = "com.apple.product-type.bundle.ui-testing";
		};
/* End PBXNativeTarget section */

/* Begin PBXProject section */
		235F4AB327F75FBE00CBF5CE /* Project object */ = {
			isa = PBXProject;
			attributes = {
				BuildIndependentTargetsInParallel = 1;
				LastSwiftUpdateCheck = 1300;
				LastUpgradeCheck = 1300;
				TargetAttributes = {
					235F4ABA27F75FBE00CBF5CE = {
						CreatedOnToolsVersion = 13.0;
					};
					235F4AD327F75FC000CBF5CE = {
						CreatedOnToolsVersion = 13.0;
						TestTargetID = 235F4ABA27F75FBE00CBF5CE;
					};
					235F4ADD27F75FC000CBF5CE = {
						CreatedOnToolsVersion = 13.0;
						TestTargetID = 235F4ABA27F75FBE00CBF5CE;
					};
				};
			};
			buildConfigurationList = 235F4AB627F75FBE00CBF5CE /* Build configuration list for PBXProject "BeerApp" */;
			compatibilityVersion = "Xcode 13.0";
			developmentRegion = en;
			hasScannedForEncodings = 0;
			knownRegions = (
				en,
				Base,
			);
			mainGroup = 235F4AB227F75FBE00CBF5CE;
			productRefGroup = 235F4ABC27F75FBE00CBF5CE /* Products */;
			projectDirPath = "";
			projectRoot = "";
			targets = (
				235F4ABA27F75FBE00CBF5CE /* BeerApp */,
				235F4AD327F75FC000CBF5CE /* BeerAppTests */,
				235F4ADD27F75FC000CBF5CE /* BeerAppUITests */,
			);
		};
/* End PBXProject section */

/* Begin PBXResourcesBuildPhase section */
		235F4AB927F75FBE00CBF5CE /* Resources */ = {
			isa = PBXResourcesBuildPhase;
			buildActionMask = 2147483647;
			files = (
				235F4ACE27F75FC000CBF5CE /* LaunchScreen.storyboard in Resources */,
				235F4ACB27F75FC000CBF5CE /* Assets.xcassets in Resources */,
				235F4AC627F75FBE00CBF5CE /* Main.storyboard in Resources */,
			);
			runOnlyForDeploymentPostprocessing = 0;
		};
		235F4AD227F75FC000CBF5CE /* Resources */ = {
			isa = PBXResourcesBuildPhase;
			buildActionMask = 2147483647;
			files = (
			);
			runOnlyForDeploymentPostprocessing = 0;
		};
		235F4ADC27F75FC000CBF5CE /* Resources */ = {
			isa = PBXResourcesBuildPhase;
			buildActionMask = 2147483647;
			files = (
			);
			runOnlyForDeploymentPostprocessing = 0;
		};
/* End PBXResourcesBuildPhase section */

/* Begin PBXSourcesBuildPhase section */
		235F4AB727F75FBE00CBF5CE /* Sources */ = {
			isa = PBXSourcesBuildPhase;
			buildActionMask = 2147483647;
			files = (
				235F4AC327F75FBE00CBF5CE /* ViewController.swift in Sources */,
				235F4AFA27F8F5D800CBF5CE /* DetailViewSlider.swift in Sources */,
				235F4AF427F795FD00CBF5CE /* BeerModel.swift in Sources */,
				235F4AF827F8C53C00CBF5CE /* DetailBeerViewController.swift in Sources */,
				235F4AF227F7646400CBF5CE /* OffersView.swift in Sources */,
				235F4AF627F79D3C00CBF5CE /* BeerTableViewCell.swift in Sources */,
				235F4ABF27F75FBE00CBF5CE /* AppDelegate.swift in Sources */,
				235F4AC127F75FBE00CBF5CE /* SceneDelegate.swift in Sources */,
				235F4AC927F75FBE00CBF5CE /* BeerApp.xcdatamodeld in Sources */,
			);
			runOnlyForDeploymentPostprocessing = 0;
		};
		235F4AD027F75FC000CBF5CE /* Sources */ = {
			isa = PBXSourcesBuildPhase;
			buildActionMask = 2147483647;
			files = (
				235F4AD927F75FC000CBF5CE /* BeerAppTests.swift in Sources */,
			);
			runOnlyForDeploymentPostprocessing = 0;
		};
		235F4ADA27F75FC000CBF5CE /* Sources */ = {
			isa = PBXSourcesBuildPhase;
			buildActionMask = 2147483647;
			files = (
				235F4AE527F75FC000CBF5CE /* BeerAppUITestsLaunchTests.swift in Sources */,
				235F4AE327F75FC000CBF5CE /* BeerAppUITests.swift in Sources */,
			);
			runOnlyForDeploymentPostprocessing = 0;
		};
/* End PBXSourcesBuildPhase section */

/* Begin PBXTargetDependency section */
		235F4AD627F75FC000CBF5CE /* PBXTargetDependency */ = {
			isa = PBXTargetDependency;
			target = 235F4ABA27F75FBE00CBF5CE /* BeerApp */;
			targetProxy = 235F4AD527F75FC000CBF5CE /* PBXContainerItemProxy */;
		};
		235F4AE027F75FC000CBF5CE /* PBXTargetDependency */ = {
			isa = PBXTargetDependency;
			target = 235F4ABA27F75FBE00CBF5CE /* BeerApp */;
			targetProxy = 235F4ADF27F75FC000CBF5CE /* PBXContainerItemProxy */;
		};
/* End PBXTargetDependency section */

/* Begin PBXVariantGroup section */
		235F4AC427F75FBE00CBF5CE /* Main.storyboard */ = {
			isa = PBXVariantGroup;
			children = (
				235F4AC527F75FBE00CBF5CE /* Base */,
			);
			name = Main.storyboard;
			sourceTree = "<group>";
		};
		235F4ACC27F75FC000CBF5CE /* LaunchScreen.storyboard */ = {
			isa = PBXVariantGroup;
			children = (
				235F4ACD27F75FC000CBF5CE /* Base */,
			);
			name = LaunchScreen.storyboard;
			sourceTree = "<group>";
		};
/* End PBXVariantGroup section */

/* Begin XCBuildConfiguration section */
		235F4AE627F75FC000CBF5CE /* Debug */ = {
			isa = XCBuildConfiguration;
			buildSettings = {
				ALWAYS_SEARCH_USER_PATHS = NO;
				CLANG_ANALYZER_NONNULL = YES;
				CLANG_ANALYZER_NUMBER_OBJECT_CONVERSION = YES_AGGRESSIVE;
				CLANG_CXX_LANGUAGE_STANDARD = "gnu++17";
				CLANG_CXX_LIBRARY = "libc++";
				CLANG_ENABLE_MODULES = YES;
				CLANG_ENABLE_OBJC_ARC = YES;
				CLANG_ENABLE_OBJC_WEAK = YES;
				CLANG_WARN_BLOCK_CAPTURE_AUTORELEASING = YES;
				CLANG_WARN_BOOL_CONVERSION = YES;
				CLANG_WARN_COMMA = YES;
				CLANG_WARN_CONSTANT_CONVERSION = YES;
				CLANG_WARN_DEPRECATED_OBJC_IMPLEMENTATIONS = YES;
				CLANG_WARN_DIRECT_OBJC_ISA_USAGE = YES_ERROR;
				CLANG_WARN_DOCUMENTATION_COMMENTS = YES;
				CLANG_WARN_EMPTY_BODY = YES;
				CLANG_WARN_ENUM_CONVERSION = YES;
				CLANG_WARN_INFINITE_RECURSION = YES;
				CLANG_WARN_INT_CONVERSION = YES;
				CLANG_WARN_NON_LITERAL_NULL_CONVERSION = YES;
				CLANG_WARN_OBJC_IMPLICIT_RETAIN_SELF = YES;
				CLANG_WARN_OBJC_LITERAL_CONVERSION = YES;
				CLANG_WARN_OBJC_ROOT_CLASS = YES_ERROR;
				CLANG_WARN_QUOTED_INCLUDE_IN_FRAMEWORK_HEADER = YES;
				CLANG_WARN_RANGE_LOOP_ANALYSIS = YES;
				CLANG_WARN_STRICT_PROTOTYPES = YES;
				CLANG_WARN_SUSPICIOUS_MOVE = YES;
				CLANG_WARN_UNGUARDED_AVAILABILITY = YES_AGGRESSIVE;
				CLANG_WARN_UNREACHABLE_CODE = YES;
				CLANG_WARN__DUPLICATE_METHOD_MATCH = YES;
				COPY_PHASE_STRIP = NO;
				DEBUG_INFORMATION_FORMAT = dwarf;
				ENABLE_STRICT_OBJC_MSGSEND = YES;
				ENABLE_TESTABILITY = YES;
				GCC_C_LANGUAGE_STANDARD = gnu11;
				GCC_DYNAMIC_NO_PIC = NO;
				GCC_NO_COMMON_BLOCKS = YES;
				GCC_OPTIMIZATION_LEVEL = 0;
				GCC_PREPROCESSOR_DEFINITIONS = (
					"DEBUG=1",
					"$(inherited)",
				);
				GCC_WARN_64_TO_32_BIT_CONVERSION = YES;
				GCC_WARN_ABOUT_RETURN_TYPE = YES_ERROR;
				GCC_WARN_UNDECLARED_SELECTOR = YES;
				GCC_WARN_UNINITIALIZED_AUTOS = YES_AGGRESSIVE;
				GCC_WARN_UNUSED_FUNCTION = YES;
				GCC_WARN_UNUSED_VARIABLE = YES;
				IPHONEOS_DEPLOYMENT_TARGET = 15.0;
				MTL_ENABLE_DEBUG_INFO = INCLUDE_SOURCE;
				MTL_FAST_MATH = YES;
				ONLY_ACTIVE_ARCH = YES;
				SDKROOT = iphoneos;
				SWIFT_ACTIVE_COMPILATION_CONDITIONS = DEBUG;
				SWIFT_OPTIMIZATION_LEVEL = "-Onone";
			};
			name = Debug;
		};
		235F4AE727F75FC000CBF5CE /* Release */ = {
			isa = XCBuildConfiguration;
			buildSettings = {
				ALWAYS_SEARCH_USER_PATHS = NO;
				CLANG_ANALYZER_NONNULL = YES;
				CLANG_ANALYZER_NUMBER_OBJECT_CONVERSION = YES_AGGRESSIVE;
				CLANG_CXX_LANGUAGE_STANDARD = "gnu++17";
				CLANG_CXX_LIBRARY = "libc++";
				CLANG_ENABLE_MODULES = YES;
				CLANG_ENABLE_OBJC_ARC = YES;
				CLANG_ENABLE_OBJC_WEAK = YES;
				CLANG_WARN_BLOCK_CAPTURE_AUTORELEASING = YES;
				CLANG_WARN_BOOL_CONVERSION = YES;
				CLANG_WARN_COMMA = YES;
				CLANG_WARN_CONSTANT_CONVERSION = YES;
				CLANG_WARN_DEPRECATED_OBJC_IMPLEMENTATIONS = YES;
				CLANG_WARN_DIRECT_OBJC_ISA_USAGE = YES_ERROR;
				CLANG_WARN_DOCUMENTATION_COMMENTS = YES;
				CLANG_WARN_EMPTY_BODY = YES;
				CLANG_WARN_ENUM_CONVERSION = YES;
				CLANG_WARN_INFINITE_RECURSION = YES;
				CLANG_WARN_INT_CONVERSION = YES;
				CLANG_WARN_NON_LITERAL_NULL_CONVERSION = YES;
				CLANG_WARN_OBJC_IMPLICIT_RETAIN_SELF = YES;
				CLANG_WARN_OBJC_LITERAL_CONVERSION = YES;
				CLANG_WARN_OBJC_ROOT_CLASS = YES_ERROR;
				CLANG_WARN_QUOTED_INCLUDE_IN_FRAMEWORK_HEADER = YES;
				CLANG_WARN_RANGE_LOOP_ANALYSIS = YES;
				CLANG_WARN_STRICT_PROTOTYPES = YES;
				CLANG_WARN_SUSPICIOUS_MOVE = YES;
				CLANG_WARN_UNGUARDED_AVAILABILITY = YES_AGGRESSIVE;
				CLANG_WARN_UNREACHABLE_CODE = YES;
				CLANG_WARN__DUPLICATE_METHOD_MATCH = YES;
				COPY_PHASE_STRIP = NO;
				DEBUG_INFORMATION_FORMAT = "dwarf-with-dsym";
				ENABLE_NS_ASSERTIONS = NO;
				ENABLE_STRICT_OBJC_MSGSEND = YES;
				GCC_C_LANGUAGE_STANDARD = gnu11;
				GCC_NO_COMMON_BLOCKS = YES;
				GCC_WARN_64_TO_32_BIT_CONVERSION = YES;
				GCC_WARN_ABOUT_RETURN_TYPE = YES_ERROR;
				GCC_WARN_UNDECLARED_SELECTOR = YES;
				GCC_WARN_UNINITIALIZED_AUTOS = YES_AGGRESSIVE;
				GCC_WARN_UNUSED_FUNCTION = YES;
				GCC_WARN_UNUSED_VARIABLE = YES;
				IPHONEOS_DEPLOYMENT_TARGET = 15.0;
				MTL_ENABLE_DEBUG_INFO = NO;
				MTL_FAST_MATH = YES;
				SDKROOT = iphoneos;
				SWIFT_COMPILATION_MODE = wholemodule;
				SWIFT_OPTIMIZATION_LEVEL = "-O";
				VALIDATE_PRODUCT = YES;
			};
			name = Release;
		};
		235F4AE927F75FC000CBF5CE /* Debug */ = {
			isa = XCBuildConfiguration;
			buildSettings = {
				ASSETCATALOG_COMPILER_APPICON_NAME = AppIcon;
				ASSETCATALOG_COMPILER_GLOBAL_ACCENT_COLOR_NAME = AccentColor;
				CODE_SIGN_STYLE = Automatic;
				CURRENT_PROJECT_VERSION = 1;
				DEVELOPMENT_TEAM = MYS34L2H78;
				GENERATE_INFOPLIST_FILE = YES;
				INFOPLIST_FILE = BeerApp/Info.plist;
				INFOPLIST_KEY_UIApplicationSupportsIndirectInputEvents = YES;
				INFOPLIST_KEY_UILaunchStoryboardName = LaunchScreen;
				INFOPLIST_KEY_UIMainStoryboardFile = Main;
				INFOPLIST_KEY_UISupportedInterfaceOrientations_iPad = "UIInterfaceOrientationPortrait UIInterfaceOrientationPortraitUpsideDown UIInterfaceOrientationLandscapeLeft UIInterfaceOrientationLandscapeRight";
				INFOPLIST_KEY_UISupportedInterfaceOrientations_iPhone = "UIInterfaceOrientationPortrait UIInterfaceOrientationLandscapeLeft UIInterfaceOrientationLandscapeRight";
				LD_RUNPATH_SEARCH_PATHS = (
					"$(inherited)",
					"@executable_path/Frameworks",
				);
				MARKETING_VERSION = 1.0;
				PRODUCT_BUNDLE_IDENTIFIER = gualacorporations.company.BeerApp;
				PRODUCT_NAME = "$(TARGET_NAME)";
				SWIFT_EMIT_LOC_STRINGS = YES;
				SWIFT_VERSION = 5.0;
				TARGETED_DEVICE_FAMILY = "1,2";
			};
			name = Debug;
		};
		235F4AEA27F75FC000CBF5CE /* Release */ = {
			isa = XCBuildConfiguration;
			buildSettings = {
				ASSETCATALOG_COMPILER_APPICON_NAME = AppIcon;
				ASSETCATALOG_COMPILER_GLOBAL_ACCENT_COLOR_NAME = AccentColor;
				CODE_SIGN_STYLE = Automatic;
				CURRENT_PROJECT_VERSION = 1;
				DEVELOPMENT_TEAM = MYS34L2H78;
				GENERATE_INFOPLIST_FILE = YES;
				INFOPLIST_FILE = BeerApp/Info.plist;
				INFOPLIST_KEY_UIApplicationSupportsIndirectInputEvents = YES;
				INFOPLIST_KEY_UILaunchStoryboardName = LaunchScreen;
				INFOPLIST_KEY_UIMainStoryboardFile = Main;
				INFOPLIST_KEY_UISupportedInterfaceOrientations_iPad = "UIInterfaceOrientationPortrait UIInterfaceOrientationPortraitUpsideDown UIInterfaceOrientationLandscapeLeft UIInterfaceOrientationLandscapeRight";
				INFOPLIST_KEY_UISupportedInterfaceOrientations_iPhone = "UIInterfaceOrientationPortrait UIInterfaceOrientationLandscapeLeft UIInterfaceOrientationLandscapeRight";
				LD_RUNPATH_SEARCH_PATHS = (
					"$(inherited)",
					"@executable_path/Frameworks",
				);
				MARKETING_VERSION = 1.0;
				PRODUCT_BUNDLE_IDENTIFIER = gualacorporations.company.BeerApp;
				PRODUCT_NAME = "$(TARGET_NAME)";
				SWIFT_EMIT_LOC_STRINGS = YES;
				SWIFT_VERSION = 5.0;
				TARGETED_DEVICE_FAMILY = "1,2";
			};
			name = Release;
		};
		235F4AEC27F75FC000CBF5CE /* Debug */ = {
			isa = XCBuildConfiguration;
			buildSettings = {
				ALWAYS_EMBED_SWIFT_STANDARD_LIBRARIES = YES;
				BUNDLE_LOADER = "$(TEST_HOST)";
				CODE_SIGN_STYLE = Automatic;
				CURRENT_PROJECT_VERSION = 1;
				DEVELOPMENT_TEAM = MYS34L2H78;
				GENERATE_INFOPLIST_FILE = YES;
				IPHONEOS_DEPLOYMENT_TARGET = 15.0;
				LD_RUNPATH_SEARCH_PATHS = (
					"$(inherited)",
					"@executable_path/Frameworks",
					"@loader_path/Frameworks",
				);
				MARKETING_VERSION = 1.0;
				PRODUCT_BUNDLE_IDENTIFIER = gualacorporations.company.BeerAppTests;
				PRODUCT_NAME = "$(TARGET_NAME)";
				SWIFT_EMIT_LOC_STRINGS = NO;
				SWIFT_VERSION = 5.0;
				TARGETED_DEVICE_FAMILY = "1,2";
				TEST_HOST = "$(BUILT_PRODUCTS_DIR)/BeerApp.app/BeerApp";
			};
			name = Debug;
		};
		235F4AED27F75FC000CBF5CE /* Release */ = {
			isa = XCBuildConfiguration;
			buildSettings = {
				ALWAYS_EMBED_SWIFT_STANDARD_LIBRARIES = YES;
				BUNDLE_LOADER = "$(TEST_HOST)";
				CODE_SIGN_STYLE = Automatic;
				CURRENT_PROJECT_VERSION = 1;
				DEVELOPMENT_TEAM = MYS34L2H78;
				GENERATE_INFOPLIST_FILE = YES;
				IPHONEOS_DEPLOYMENT_TARGET = 15.0;
				LD_RUNPATH_SEARCH_PATHS = (
					"$(inherited)",
					"@executable_path/Frameworks",
					"@loader_path/Frameworks",
				);
				MARKETING_VERSION = 1.0;
				PRODUCT_BUNDLE_IDENTIFIER = gualacorporations.company.BeerAppTests;
				PRODUCT_NAME = "$(TARGET_NAME)";
				SWIFT_EMIT_LOC_STRINGS = NO;
				SWIFT_VERSION = 5.0;
				TARGETED_DEVICE_FAMILY = "1,2";
				TEST_HOST = "$(BUILT_PRODUCTS_DIR)/BeerApp.app/BeerApp";
			};
			name = Release;
		};
		235F4AEF27F75FC000CBF5CE /* Debug */ = {
			isa = XCBuildConfiguration;
			buildSettings = {
				ALWAYS_EMBED_SWIFT_STANDARD_LIBRARIES = YES;
				CODE_SIGN_STYLE = Automatic;
				CURRENT_PROJECT_VERSION = 1;
				DEVELOPMENT_TEAM = MYS34L2H78;
				GENERATE_INFOPLIST_FILE = YES;
				LD_RUNPATH_SEARCH_PATHS = (
					"$(inherited)",
					"@executable_path/Frameworks",
					"@loader_path/Frameworks",
				);
				MARKETING_VERSION = 1.0;
				PRODUCT_BUNDLE_IDENTIFIER = gualacorporations.company.BeerAppUITests;
				PRODUCT_NAME = "$(TARGET_NAME)";
				SWIFT_EMIT_LOC_STRINGS = NO;
				SWIFT_VERSION = 5.0;
				TARGETED_DEVICE_FAMILY = "1,2";
				TEST_TARGET_NAME = BeerApp;
			};
			name = Debug;
		};
		235F4AF027F75FC000CBF5CE /* Release */ = {
			isa = XCBuildConfiguration;
			buildSettings = {
				ALWAYS_EMBED_SWIFT_STANDARD_LIBRARIES = YES;
				CODE_SIGN_STYLE = Automatic;
				CURRENT_PROJECT_VERSION = 1;
				DEVELOPMENT_TEAM = MYS34L2H78;
				GENERATE_INFOPLIST_FILE = YES;
				LD_RUNPATH_SEARCH_PATHS = (
					"$(inherited)",
					"@executable_path/Frameworks",
					"@loader_path/Frameworks",
				);
				MARKETING_VERSION = 1.0;
				PRODUCT_BUNDLE_IDENTIFIER = gualacorporations.company.BeerAppUITests;
				PRODUCT_NAME = "$(TARGET_NAME)";
				SWIFT_EMIT_LOC_STRINGS = NO;
				SWIFT_VERSION = 5.0;
				TARGETED_DEVICE_FAMILY = "1,2";
				TEST_TARGET_NAME = BeerApp;
			};
			name = Release;
		};
/* End XCBuildConfiguration section */

/* Begin XCConfigurationList section */
		235F4AB627F75FBE00CBF5CE /* Build configuration list for PBXProject "BeerApp" */ = {
			isa = XCConfigurationList;
			buildConfigurations = (
				235F4AE627F75FC000CBF5CE /* Debug */,
				235F4AE727F75FC000CBF5CE /* Release */,
			);
			defaultConfigurationIsVisible = 0;
			defaultConfigurationName = Release;
		};
		235F4AE827F75FC000CBF5CE /* Build configuration list for PBXNativeTarget "BeerApp" */ = {
			isa = XCConfigurationList;
			buildConfigurations = (
				235F4AE927F75FC000CBF5CE /* Debug */,
				235F4AEA27F75FC000CBF5CE /* Release */,
			);
			defaultConfigurationIsVisible = 0;
			defaultConfigurationName = Release;
		};
		235F4AEB27F75FC000CBF5CE /* Build configuration list for PBXNativeTarget "BeerAppTests" */ = {
			isa = XCConfigurationList;
			buildConfigurations = (
				235F4AEC27F75FC000CBF5CE /* Debug */,
				235F4AED27F75FC000CBF5CE /* Release */,
			);
			defaultConfigurationIsVisible = 0;
			defaultConfigurationName = Release;
		};
		235F4AEE27F75FC000CBF5CE /* Build configuration list for PBXNativeTarget "BeerAppUITests" */ = {
			isa = XCConfigurationList;
			buildConfigurations = (
				235F4AEF27F75FC000CBF5CE /* Debug */,
				235F4AF027F75FC000CBF5CE /* Release */,
			);
			defaultConfigurationIsVisible = 0;
			defaultConfigurationName = Release;
		};
/* End XCConfigurationList section */

/* Begin XCVersionGroup section */
		235F4AC727F75FBE00CBF5CE /* BeerApp.xcdatamodeld */ = {
			isa = XCVersionGroup;
			children = (
				235F4AC827F75FBE00CBF5CE /* BeerApp.xcdatamodel */,
			);
			currentVersion = 235F4AC827F75FBE00CBF5CE /* BeerApp.xcdatamodel */;
			path = BeerApp.xcdatamodeld;
			sourceTree = "<group>";
			versionGroupType = wrapper.xcdatamodel;
		};
/* End XCVersionGroup section */
	};
	rootObject = 235F4AB327F75FBE00CBF5CE /* Project object */;
}
